
Microsoft Visual Studio Solution File, Format Version 12.00
# Visual Studio Version 17
VisualStudioVersion = 17.12.35527.113 d17.12
MinimumVisualStudioVersion = 10.0.40219.1
Project("{FAE04EC0-301F-11D3-BF4B-00C04F79EFBC}") = "api", "api\api.csproj", "{AA534FED-B2A1-4544-9CD9-89A61DDD39E6}"
EndProject
Project("{E53339B2-1760-4266-BCC7-CA923CBCF16C}") = "docker-compose", "docker-compose.dcproj", "{6D51474E-3FA3-401C-8AFF-9356BE4FDDF9}"
EndProject
Global
	GlobalSection(SolutionConfigurationPlatforms) = preSolution
		Debug|Any CPU = Debug|Any CPU
		Release|Any CPU = Release|Any CPU
	EndGlobalSection
	GlobalSection(ProjectConfigurationPlatforms) = postSolution
		{AA534FED-B2A1-4544-9CD9-89A61DDD39E6}.Debug|Any CPU.ActiveCfg = Debug|Any CPU
		{AA534FED-B2A1-4544-9CD9-89A61DDD39E6}.Debug|Any CPU.Build.0 = Debug|Any CPU
		{AA534FED-B2A1-4544-9CD9-89A61DDD39E6}.Release|Any CPU.ActiveCfg = Release|Any CPU
		{AA534FED-B2A1-4544-9CD9-89A61DDD39E6}.Release|Any CPU.Build.0 = Release|Any CPU
		{6D51474E-3FA3-401C-8AFF-9356BE4FDDF9}.Debug|Any CPU.ActiveCfg = Debug|Any CPU
		{6D51474E-3FA3-401C-8AFF-9356BE4FDDF9}.Debug|Any CPU.Build.0 = Debug|Any CPU
		{6D51474E-3FA3-401C-8AFF-9356BE4FDDF9}.Release|Any CPU.ActiveCfg = Release|Any CPU
		{6D51474E-3FA3-401C-8AFF-9356BE4FDDF9}.Release|Any CPU.Build.0 = Release|Any CPU
	EndGlobalSection
	GlobalSection(SolutionProperties) = preSolution
		HideSolutionNode = FALSE
	EndGlobalSection
EndGlobal
